
Microsoft Visual Studio Solution File, Format Version 12.00
# Visual Studio 14
VisualStudioVersion = 14.0.24720.0
MinimumVisualStudioVersion = 10.0.40219.1
Project("{FAE04EC0-301F-11D3-BF4B-00C04F79EFBC}") = "ChecklistTest", "ChecklistTest\ChecklistTest\ChecklistTest.csproj", "{0EEE9D8F-CCDB-4776-B81F-12740EBE170D}"
EndProject
Project("{FAE04EC0-301F-11D3-BF4B-00C04F79EFBC}") = "ChecklistTest.iOS", "ChecklistTest\ChecklistTest.iOS\ChecklistTest.iOS.csproj", "{E8AD7654-4D4E-4DE2-9696-3A0D92A31980}"
EndProject
Project("{FAE04EC0-301F-11D3-BF4B-00C04F79EFBC}") = "ChecklistTest.Droid", "ChecklistTest\ChecklistTest.Droid\ChecklistTest.Droid.csproj", "{74E9FD80-F80C-42F2-BA2B-C98EEE12F82C}"
EndProject
Project("{FAE04EC0-301F-11D3-BF4B-00C04F79EFBC}") = "ChecklistTest.WinPhone", "ChecklistTest\ChecklistTest.WinPhone\ChecklistTest.WinPhone.csproj", "{BEB52F5B-C7CA-4D33-AF6F-2752B0E2F2B0}"
EndProject
Global
	GlobalSection(SolutionConfigurationPlatforms) = preSolution
		Ad-Hoc|Any CPU = Ad-Hoc|Any CPU
		Ad-Hoc|ARM = Ad-Hoc|ARM
		Ad-Hoc|iPhone = Ad-Hoc|iPhone
		Ad-Hoc|iPhoneSimulator = Ad-Hoc|iPhoneSimulator
		Ad-Hoc|x86 = Ad-Hoc|x86
		AppStore|Any CPU = AppStore|Any CPU
		AppStore|ARM = AppStore|ARM
		AppStore|iPhone = AppStore|iPhone
		AppStore|iPhoneSimulator = AppStore|iPhoneSimulator
		AppStore|x86 = AppStore|x86
		Debug|Any CPU = Debug|Any CPU
		Debug|ARM = Debug|ARM
		Debug|iPhone = Debug|iPhone
		Debug|iPhoneSimulator = Debug|iPhoneSimulator
		Debug|x86 = Debug|x86
		Release|Any CPU = Release|Any CPU
		Release|ARM = Release|ARM
		Release|iPhone = Release|iPhone
		Release|iPhoneSimulator = Release|iPhoneSimulator
		Release|x86 = Release|x86
	EndGlobalSection
	GlobalSection(ProjectConfigurationPlatforms) = postSolution
		{0EEE9D8F-CCDB-4776-B81F-12740EBE170D}.Ad-Hoc|Any CPU.ActiveCfg = Release|Any CPU
		{0EEE9D8F-CCDB-4776-B81F-12740EBE170D}.Ad-Hoc|Any CPU.Build.0 = Release|Any CPU
		{0EEE9D8F-CCDB-4776-B81F-12740EBE170D}.Ad-Hoc|ARM.ActiveCfg = Release|Any CPU
		{0EEE9D8F-CCDB-4776-B81F-12740EBE170D}.Ad-Hoc|ARM.Build.0 = Release|Any CPU
		{0EEE9D8F-CCDB-4776-B81F-12740EBE170D}.Ad-Hoc|iPhone.ActiveCfg = Release|Any CPU
		{0EEE9D8F-CCDB-4776-B81F-12740EBE170D}.Ad-Hoc|iPhone.Build.0 = Release|Any CPU
		{0EEE9D8F-CCDB-4776-B81F-12740EBE170D}.Ad-Hoc|iPhoneSimulator.ActiveCfg = Release|Any CPU
		{0EEE9D8F-CCDB-4776-B81F-12740EBE170D}.Ad-Hoc|iPhoneSimulator.Build.0 = Release|Any CPU
		{0EEE9D8F-CCDB-4776-B81F-12740EBE170D}.Ad-Hoc|x86.ActiveCfg = Release|Any CPU
		{0EEE9D8F-CCDB-4776-B81F-12740EBE170D}.Ad-Hoc|x86.Build.0 = Release|Any CPU
		{0EEE9D8F-CCDB-4776-B81F-12740EBE170D}.AppStore|Any CPU.ActiveCfg = Release|Any CPU
		{0EEE9D8F-CCDB-4776-B81F-12740EBE170D}.AppStore|Any CPU.Build.0 = Release|Any CPU
		{0EEE9D8F-CCDB-4776-B81F-12740EBE170D}.AppStore|ARM.ActiveCfg = Release|Any CPU
		{0EEE9D8F-CCDB-4776-B81F-12740EBE170D}.AppStore|ARM.Build.0 = Release|Any CPU
		{0EEE9D8F-CCDB-4776-B81F-12740EBE170D}.AppStore|iPhone.ActiveCfg = Release|Any CPU
		{0EEE9D8F-CCDB-4776-B81F-12740EBE170D}.AppStore|iPhone.Build.0 = Release|Any CPU
		{0EEE9D8F-CCDB-4776-B81F-12740EBE170D}.AppStore|iPhoneSimulator.ActiveCfg = Release|Any CPU
		{0EEE9D8F-CCDB-4776-B81F-12740EBE170D}.AppStore|iPhoneSimulator.Build.0 = Release|Any CPU
		{0EEE9D8F-CCDB-4776-B81F-12740EBE170D}.AppStore|x86.ActiveCfg = Release|Any CPU
		{0EEE9D8F-CCDB-4776-B81F-12740EBE170D}.AppStore|x86.Build.0 = Release|Any CPU
		{0EEE9D8F-CCDB-4776-B81F-12740EBE170D}.Debug|Any CPU.ActiveCfg = Debug|Any CPU
		{0EEE9D8F-CCDB-4776-B81F-12740EBE170D}.Debug|Any CPU.Build.0 = Debug|Any CPU
		{0EEE9D8F-CCDB-4776-B81F-12740EBE170D}.Debug|ARM.ActiveCfg = Debug|Any CPU
		{0EEE9D8F-CCDB-4776-B81F-12740EBE170D}.Debug|ARM.Build.0 = Debug|Any CPU
		{0EEE9D8F-CCDB-4776-B81F-12740EBE170D}.Debug|iPhone.ActiveCfg = Debug|Any CPU
		{0EEE9D8F-CCDB-4776-B81F-12740EBE170D}.Debug|iPhone.Build.0 = Debug|Any CPU
		{0EEE9D8F-CCDB-4776-B81F-12740EBE170D}.Debug|iPhoneSimulator.ActiveCfg = Debug|Any CPU
		{0EEE9D8F-CCDB-4776-B81F-12740EBE170D}.Debug|iPhoneSimulator.Build.0 = Debug|Any CPU
		{0EEE9D8F-CCDB-4776-B81F-12740EBE170D}.Debug|x86.ActiveCfg = Debug|Any CPU
		{0EEE9D8F-CCDB-4776-B81F-12740EBE170D}.Debug|x86.Build.0 = Debug|Any CPU
		{0EEE9D8F-CCDB-4776-B81F-12740EBE170D}.Release|Any CPU.ActiveCfg = Release|Any CPU
		{0EEE9D8F-CCDB-4776-B81F-12740EBE170D}.Release|Any CPU.Build.0 = Release|Any CPU
		{0EEE9D8F-CCDB-4776-B81F-12740EBE170D}.Release|ARM.ActiveCfg = Release|Any CPU
		{0EEE9D8F-CCDB-4776-B81F-12740EBE170D}.Release|ARM.Build.0 = Release|Any CPU
		{0EEE9D8F-CCDB-4776-B81F-12740EBE170D}.Release|iPhone.ActiveCfg = Release|Any CPU
		{0EEE9D8F-CCDB-4776-B81F-12740EBE170D}.Release|iPhone.Build.0 = Release|Any CPU
		{0EEE9D8F-CCDB-4776-B81F-12740EBE170D}.Release|iPhoneSimulator.ActiveCfg = Release|Any CPU
		{0EEE9D8F-CCDB-4776-B81F-12740EBE170D}.Release|iPhoneSimulator.Build.0 = Release|Any CPU
		{0EEE9D8F-CCDB-4776-B81F-12740EBE170D}.Release|x86.ActiveCfg = Release|Any CPU
		{0EEE9D8F-CCDB-4776-B81F-12740EBE170D}.Release|x86.Build.0 = Release|Any CPU
		{E8AD7654-4D4E-4DE2-9696-3A0D92A31980}.Ad-Hoc|Any CPU.ActiveCfg = Ad-Hoc|iPhone
		{E8AD7654-4D4E-4DE2-9696-3A0D92A31980}.Ad-Hoc|ARM.ActiveCfg = Ad-Hoc|iPhone
		{E8AD7654-4D4E-4DE2-9696-3A0D92A31980}.Ad-Hoc|iPhone.ActiveCfg = Ad-Hoc|iPhone
		{E8AD7654-4D4E-4DE2-9696-3A0D92A31980}.Ad-Hoc|iPhone.Build.0 = Ad-Hoc|iPhone
		{E8AD7654-4D4E-4DE2-9696-3A0D92A31980}.Ad-Hoc|iPhoneSimulator.ActiveCfg = Ad-Hoc|iPhoneSimulator
		{E8AD7654-4D4E-4DE2-9696-3A0D92A31980}.Ad-Hoc|iPhoneSimulator.Build.0 = Ad-Hoc|iPhoneSimulator
		{E8AD7654-4D4E-4DE2-9696-3A0D92A31980}.Ad-Hoc|x86.ActiveCfg = Ad-Hoc|iPhone
		{E8AD7654-4D4E-4DE2-9696-3A0D92A31980}.AppStore|Any CPU.ActiveCfg = AppStore|iPhone
		{E8AD7654-4D4E-4DE2-9696-3A0D92A31980}.AppStore|ARM.ActiveCfg = AppStore|iPhone
		{E8AD7654-4D4E-4DE2-9696-3A0D92A31980}.AppStore|iPhone.ActiveCfg = AppStore|iPhone
		{E8AD7654-4D4E-4DE2-9696-3A0D92A31980}.AppStore|iPhone.Build.0 = AppStore|iPhone
		{E8AD7654-4D4E-4DE2-9696-3A0D92A31980}.AppStore|iPhoneSimulator.ActiveCfg = AppStore|iPhoneSimulator
		{E8AD7654-4D4E-4DE2-9696-3A0D92A31980}.AppStore|iPhoneSimulator.Build.0 = AppStore|iPhoneSimulator
		{E8AD7654-4D4E-4DE2-9696-3A0D92A31980}.AppStore|x86.ActiveCfg = AppStore|iPhone
		{E8AD7654-4D4E-4DE2-9696-3A0D92A31980}.Debug|Any CPU.ActiveCfg = Debug|iPhone
		{E8AD7654-4D4E-4DE2-9696-3A0D92A31980}.Debug|ARM.ActiveCfg = Debug|iPhone
		{E8AD7654-4D4E-4DE2-9696-3A0D92A31980}.Debug|iPhone.ActiveCfg = Debug|iPhone
		{E8AD7654-4D4E-4DE2-9696-3A0D92A31980}.Debug|iPhone.Build.0 = Debug|iPhone
		{E8AD7654-4D4E-4DE2-9696-3A0D92A31980}.Debug|iPhoneSimulator.ActiveCfg = Debug|iPhoneSimulator
		{E8AD7654-4D4E-4DE2-9696-3A0D92A31980}.Debug|iPhoneSimulator.Build.0 = Debug|iPhoneSimulator
		{E8AD7654-4D4E-4DE2-9696-3A0D92A31980}.Debug|x86.ActiveCfg = Debug|iPhone
		{E8AD7654-4D4E-4DE2-9696-3A0D92A31980}.Release|Any CPU.ActiveCfg = Release|iPhone
		{E8AD7654-4D4E-4DE2-9696-3A0D92A31980}.Release|ARM.ActiveCfg = Release|iPhone
		{E8AD7654-4D4E-4DE2-9696-3A0D92A31980}.Release|iPhone.ActiveCfg = Release|iPhone
		{E8AD7654-4D4E-4DE2-9696-3A0D92A31980}.Release|iPhone.Build.0 = Release|iPhone
		{E8AD7654-4D4E-4DE2-9696-3A0D92A31980}.Release|iPhoneSimulator.ActiveCfg = Release|iPhoneSimulator
		{E8AD7654-4D4E-4DE2-9696-3A0D92A31980}.Release|iPhoneSimulator.Build.0 = Release|iPhoneSimulator
		{E8AD7654-4D4E-4DE2-9696-3A0D92A31980}.Release|x86.ActiveCfg = Release|iPhone
		{74E9FD80-F80C-42F2-BA2B-C98EEE12F82C}.Ad-Hoc|Any CPU.ActiveCfg = Release|Any CPU
		{74E9FD80-F80C-42F2-BA2B-C98EEE12F82C}.Ad-Hoc|Any CPU.Build.0 = Release|Any CPU
		{74E9FD80-F80C-42F2-BA2B-C98EEE12F82C}.Ad-Hoc|Any CPU.Deploy.0 = Release|Any CPU
		{74E9FD80-F80C-42F2-BA2B-C98EEE12F82C}.Ad-Hoc|ARM.ActiveCfg = Release|Any CPU
		{74E9FD80-F80C-42F2-BA2B-C98EEE12F82C}.Ad-Hoc|ARM.Build.0 = Release|Any CPU
		{74E9FD80-F80C-42F2-BA2B-C98EEE12F82C}.Ad-Hoc|ARM.Deploy.0 = Release|Any CPU
		{74E9FD80-F80C-42F2-BA2B-C98EEE12F82C}.Ad-Hoc|iPhone.ActiveCfg = Release|Any CPU
		{74E9FD80-F80C-42F2-BA2B-C98EEE12F82C}.Ad-Hoc|iPhone.Build.0 = Release|Any CPU
		{74E9FD80-F80C-42F2-BA2B-C98EEE12F82C}.Ad-Hoc|iPhone.Deploy.0 = Release|Any CPU
		{74E9FD80-F80C-42F2-BA2B-C98EEE12F82C}.Ad-Hoc|iPhoneSimulator.ActiveCfg = Release|Any CPU
		{74E9FD80-F80C-42F2-BA2B-C98EEE12F82C}.Ad-Hoc|iPhoneSimulator.Build.0 = Release|Any CPU
		{74E9FD80-F80C-42F2-BA2B-C98EEE12F82C}.Ad-Hoc|iPhoneSimulator.Deploy.0 = Release|Any CPU
		{74E9FD80-F80C-42F2-BA2B-C98EEE12F82C}.Ad-Hoc|x86.ActiveCfg = Release|Any CPU
		{74E9FD80-F80C-42F2-BA2B-C98EEE12F82C}.Ad-Hoc|x86.Build.0 = Release|Any CPU
		{74E9FD80-F80C-42F2-BA2B-C98EEE12F82C}.Ad-Hoc|x86.Deploy.0 = Release|Any CPU
		{74E9FD80-F80C-42F2-BA2B-C98EEE12F82C}.AppStore|Any CPU.ActiveCfg = Release|Any CPU
		{74E9FD80-F80C-42F2-BA2B-C98EEE12F82C}.AppStore|Any CPU.Build.0 = Release|Any CPU
		{74E9FD80-F80C-42F2-BA2B-C98EEE12F82C}.AppStore|Any CPU.Deploy.0 = Release|Any CPU
		{74E9FD80-F80C-42F2-BA2B-C98EEE12F82C}.AppStore|ARM.ActiveCfg = Release|Any CPU
		{74E9FD80-F80C-42F2-BA2B-C98EEE12F82C}.AppStore|ARM.Build.0 = Release|Any CPU
		{74E9FD80-F80C-42F2-BA2B-C98EEE12F82C}.AppStore|ARM.Deploy.0 = Release|Any CPU
		{74E9FD80-F80C-42F2-BA2B-C98EEE12F82C}.AppStore|iPhone.ActiveCfg = Release|Any CPU
		{74E9FD80-F80C-42F2-BA2B-C98EEE12F82C}.AppStore|iPhone.Build.0 = Release|Any CPU
		{74E9FD80-F80C-42F2-BA2B-C98EEE12F82C}.AppStore|iPhone.Deploy.0 = Release|Any CPU
		{74E9FD80-F80C-42F2-BA2B-C98EEE12F82C}.AppStore|iPhoneSimulator.ActiveCfg = Release|Any CPU
		{74E9FD80-F80C-42F2-BA2B-C98EEE12F82C}.AppStore|iPhoneSimulator.Build.0 = Release|Any CPU
		{74E9FD80-F80C-42F2-BA2B-C98EEE12F82C}.AppStore|iPhoneSimulator.Deploy.0 = Release|Any CPU
		{74E9FD80-F80C-42F2-BA2B-C98EEE12F82C}.AppStore|x86.ActiveCfg = Release|Any CPU
		{74E9FD80-F80C-42F2-BA2B-C98EEE12F82C}.AppStore|x86.Build.0 = Release|Any CPU
		{74E9FD80-F80C-42F2-BA2B-C98EEE12F82C}.AppStore|x86.Deploy.0 = Release|Any CPU
		{74E9FD80-F80C-42F2-BA2B-C98EEE12F82C}.Debug|Any CPU.ActiveCfg = Debug|Any CPU
		{74E9FD80-F80C-42F2-BA2B-C98EEE12F82C}.Debug|Any CPU.Build.0 = Debug|Any CPU
		{74E9FD80-F80C-42F2-BA2B-C98EEE12F82C}.Debug|Any CPU.Deploy.0 = Debug|Any CPU
		{74E9FD80-F80C-42F2-BA2B-C98EEE12F82C}.Debug|ARM.ActiveCfg = Debug|Any CPU
		{74E9FD80-F80C-42F2-BA2B-C98EEE12F82C}.Debug|ARM.Build.0 = Debug|Any CPU
		{74E9FD80-F80C-42F2-BA2B-C98EEE12F82C}.Debug|ARM.Deploy.0 = Debug|Any CPU
		{74E9FD80-F80C-42F2-BA2B-C98EEE12F82C}.Debug|iPhone.ActiveCfg = Debug|Any CPU
		{74E9FD80-F80C-42F2-BA2B-C98EEE12F82C}.Debug|iPhone.Build.0 = Debug|Any CPU
		{74E9FD80-F80C-42F2-BA2B-C98EEE12F82C}.Debug|iPhone.Deploy.0 = Debug|Any CPU
		{74E9FD80-F80C-42F2-BA2B-C98EEE12F82C}.Debug|iPhoneSimulator.ActiveCfg = Debug|Any CPU
		{74E9FD80-F80C-42F2-BA2B-C98EEE12F82C}.Debug|iPhoneSimulator.Build.0 = Debug|Any CPU
		{74E9FD80-F80C-42F2-BA2B-C98EEE12F82C}.Debug|iPhoneSimulator.Deploy.0 = Debug|Any CPU
		{74E9FD80-F80C-42F2-BA2B-C98EEE12F82C}.Debug|x86.ActiveCfg = Debug|Any CPU
		{74E9FD80-F80C-42F2-BA2B-C98EEE12F82C}.Debug|x86.Build.0 = Debug|Any CPU
		{74E9FD80-F80C-42F2-BA2B-C98EEE12F82C}.Debug|x86.Deploy.0 = Debug|Any CPU
		{74E9FD80-F80C-42F2-BA2B-C98EEE12F82C}.Release|Any CPU.ActiveCfg = Release|Any CPU
		{74E9FD80-F80C-42F2-BA2B-C98EEE12F82C}.Release|Any CPU.Build.0 = Release|Any CPU
		{74E9FD80-F80C-42F2-BA2B-C98EEE12F82C}.Release|Any CPU.Deploy.0 = Release|Any CPU
		{74E9FD80-F80C-42F2-BA2B-C98EEE12F82C}.Release|ARM.ActiveCfg = Release|Any CPU
		{74E9FD80-F80C-42F2-BA2B-C98EEE12F82C}.Release|ARM.Build.0 = Release|Any CPU
		{74E9FD80-F80C-42F2-BA2B-C98EEE12F82C}.Release|ARM.Deploy.0 = Release|Any CPU
		{74E9FD80-F80C-42F2-BA2B-C98EEE12F82C}.Release|iPhone.ActiveCfg = Release|Any CPU
		{74E9FD80-F80C-42F2-BA2B-C98EEE12F82C}.Release|iPhone.Build.0 = Release|Any CPU
		{74E9FD80-F80C-42F2-BA2B-C98EEE12F82C}.Release|iPhone.Deploy.0 = Release|Any CPU
		{74E9FD80-F80C-42F2-BA2B-C98EEE12F82C}.Release|iPhoneSimulator.ActiveCfg = Release|Any CPU
		{74E9FD80-F80C-42F2-BA2B-C98EEE12F82C}.Release|iPhoneSimulator.Build.0 = Release|Any CPU
		{74E9FD80-F80C-42F2-BA2B-C98EEE12F82C}.Release|iPhoneSimulator.Deploy.0 = Release|Any CPU
		{74E9FD80-F80C-42F2-BA2B-C98EEE12F82C}.Release|x86.ActiveCfg = Release|Any CPU
		{74E9FD80-F80C-42F2-BA2B-C98EEE12F82C}.Release|x86.Build.0 = Release|Any CPU
		{74E9FD80-F80C-42F2-BA2B-C98EEE12F82C}.Release|x86.Deploy.0 = Release|Any CPU
		{BEB52F5B-C7CA-4D33-AF6F-2752B0E2F2B0}.Ad-Hoc|Any CPU.ActiveCfg = Release|Any CPU
		{BEB52F5B-C7CA-4D33-AF6F-2752B0E2F2B0}.Ad-Hoc|Any CPU.Build.0 = Release|Any CPU
		{BEB52F5B-C7CA-4D33-AF6F-2752B0E2F2B0}.Ad-Hoc|Any CPU.Deploy.0 = Release|Any CPU
		{BEB52F5B-C7CA-4D33-AF6F-2752B0E2F2B0}.Ad-Hoc|ARM.ActiveCfg = Release|ARM
		{BEB52F5B-C7CA-4D33-AF6F-2752B0E2F2B0}.Ad-Hoc|ARM.Build.0 = Release|ARM
		{BEB52F5B-C7CA-4D33-AF6F-2752B0E2F2B0}.Ad-Hoc|ARM.Deploy.0 = Release|ARM
		{BEB52F5B-C7CA-4D33-AF6F-2752B0E2F2B0}.Ad-Hoc|iPhone.ActiveCfg = Release|Any CPU
		{BEB52F5B-C7CA-4D33-AF6F-2752B0E2F2B0}.Ad-Hoc|iPhone.Build.0 = Release|Any CPU
		{BEB52F5B-C7CA-4D33-AF6F-2752B0E2F2B0}.Ad-Hoc|iPhone.Deploy.0 = Release|Any CPU
		{BEB52F5B-C7CA-4D33-AF6F-2752B0E2F2B0}.Ad-Hoc|iPhoneSimulator.ActiveCfg = Release|Any CPU
		{BEB52F5B-C7CA-4D33-AF6F-2752B0E2F2B0}.Ad-Hoc|iPhoneSimulator.Build.0 = Release|Any CPU
		{BEB52F5B-C7CA-4D33-AF6F-2752B0E2F2B0}.Ad-Hoc|iPhoneSimulator.Deploy.0 = Release|Any CPU
		{BEB52F5B-C7CA-4D33-AF6F-2752B0E2F2B0}.Ad-Hoc|x86.ActiveCfg = Release|x86
		{BEB52F5B-C7CA-4D33-AF6F-2752B0E2F2B0}.Ad-Hoc|x86.Build.0 = Release|x86
		{BEB52F5B-C7CA-4D33-AF6F-2752B0E2F2B0}.Ad-Hoc|x86.Deploy.0 = Release|x86
		{BEB52F5B-C7CA-4D33-AF6F-2752B0E2F2B0}.AppStore|Any CPU.ActiveCfg = Release|Any CPU
		{BEB52F5B-C7CA-4D33-AF6F-2752B0E2F2B0}.AppStore|Any CPU.Build.0 = Release|Any CPU
		{BEB52F5B-C7CA-4D33-AF6F-2752B0E2F2B0}.AppStore|Any CPU.Deploy.0 = Release|Any CPU
		{BEB52F5B-C7CA-4D33-AF6F-2752B0E2F2B0}.AppStore|ARM.ActiveCfg = Release|ARM
		{BEB52F5B-C7CA-4D33-AF6F-2752B0E2F2B0}.AppStore|ARM.Build.0 = Release|ARM
		{BEB52F5B-C7CA-4D33-AF6F-2752B0E2F2B0}.AppStore|ARM.Deploy.0 = Release|ARM
		{BEB52F5B-C7CA-4D33-AF6F-2752B0E2F2B0}.AppStore|iPhone.ActiveCfg = Release|Any CPU
		{BEB52F5B-C7CA-4D33-AF6F-2752B0E2F2B0}.AppStore|iPhone.Build.0 = Release|Any CPU
		{BEB52F5B-C7CA-4D33-AF6F-2752B0E2F2B0}.AppStore|iPhone.Deploy.0 = Release|Any CPU
		{BEB52F5B-C7CA-4D33-AF6F-2752B0E2F2B0}.AppStore|iPhoneSimulator.ActiveCfg = Release|Any CPU
		{BEB52F5B-C7CA-4D33-AF6F-2752B0E2F2B0}.AppStore|iPhoneSimulator.Build.0 = Release|Any CPU
		{BEB52F5B-C7CA-4D33-AF6F-2752B0E2F2B0}.AppStore|iPhoneSimulator.Deploy.0 = Release|Any CPU
		{BEB52F5B-C7CA-4D33-AF6F-2752B0E2F2B0}.AppStore|x86.ActiveCfg = Release|x86
		{BEB52F5B-C7CA-4D33-AF6F-2752B0E2F2B0}.AppStore|x86.Build.0 = Release|x86
		{BEB52F5B-C7CA-4D33-AF6F-2752B0E2F2B0}.AppStore|x86.Deploy.0 = Release|x86
		{BEB52F5B-C7CA-4D33-AF6F-2752B0E2F2B0}.Debug|Any CPU.ActiveCfg = Debug|Any CPU
		{BEB52F5B-C7CA-4D33-AF6F-2752B0E2F2B0}.Debug|Any CPU.Build.0 = Debug|Any CPU
		{BEB52F5B-C7CA-4D33-AF6F-2752B0E2F2B0}.Debug|Any CPU.Deploy.0 = Debug|Any CPU
		{BEB52F5B-C7CA-4D33-AF6F-2752B0E2F2B0}.Debug|ARM.ActiveCfg = Debug|ARM
		{BEB52F5B-C7CA-4D33-AF6F-2752B0E2F2B0}.Debug|ARM.Build.0 = Debug|ARM
		{BEB52F5B-C7CA-4D33-AF6F-2752B0E2F2B0}.Debug|ARM.Deploy.0 = Debug|ARM
		{BEB52F5B-C7CA-4D33-AF6F-2752B0E2F2B0}.Debug|iPhone.ActiveCfg = Debug|Any CPU
		{BEB52F5B-C7CA-4D33-AF6F-2752B0E2F2B0}.Debug|iPhone.Build.0 = Debug|Any CPU
		{BEB52F5B-C7CA-4D33-AF6F-2752B0E2F2B0}.Debug|iPhone.Deploy.0 = Debug|Any CPU
		{BEB52F5B-C7CA-4D33-AF6F-2752B0E2F2B0}.Debug|iPhoneSimulator.ActiveCfg = Debug|Any CPU
		{BEB52F5B-C7CA-4D33-AF6F-2752B0E2F2B0}.Debug|iPhoneSimulator.Build.0 = Debug|Any CPU
		{BEB52F5B-C7CA-4D33-AF6F-2752B0E2F2B0}.Debug|iPhoneSimulator.Deploy.0 = Debug|Any CPU
		{BEB52F5B-C7CA-4D33-AF6F-2752B0E2F2B0}.Debug|x86.ActiveCfg = Debug|x86
		{BEB52F5B-C7CA-4D33-AF6F-2752B0E2F2B0}.Debug|x86.Build.0 = Debug|x86
		{BEB52F5B-C7CA-4D33-AF6F-2752B0E2F2B0}.Debug|x86.Deploy.0 = Debug|x86
		{BEB52F5B-C7CA-4D33-AF6F-2752B0E2F2B0}.Release|Any CPU.ActiveCfg = Release|Any CPU
		{BEB52F5B-C7CA-4D33-AF6F-2752B0E2F2B0}.Release|Any CPU.Build.0 = Release|Any CPU
		{BEB52F5B-C7CA-4D33-AF6F-2752B0E2F2B0}.Release|Any CPU.Deploy.0 = Release|Any CPU
		{BEB52F5B-C7CA-4D33-AF6F-2752B0E2F2B0}.Release|ARM.ActiveCfg = Release|ARM
		{BEB52F5B-C7CA-4D33-AF6F-2752B0E2F2B0}.Release|ARM.Build.0 = Release|ARM
		{BEB52F5B-C7CA-4D33-AF6F-2752B0E2F2B0}.Release|ARM.Deploy.0 = Release|ARM
		{BEB52F5B-C7CA-4D33-AF6F-2752B0E2F2B0}.Release|iPhone.ActiveCfg = Release|Any CPU
		{BEB52F5B-C7CA-4D33-AF6F-2752B0E2F2B0}.Release|iPhone.Build.0 = Release|Any CPU
		{BEB52F5B-C7CA-4D33-AF6F-2752B0E2F2B0}.Release|iPhone.Deploy.0 = Release|Any CPU
		{BEB52F5B-C7CA-4D33-AF6F-2752B0E2F2B0}.Release|iPhoneSimulator.ActiveCfg = Release|Any CPU
		{BEB52F5B-C7CA-4D33-AF6F-2752B0E2F2B0}.Release|iPhoneSimulator.Build.0 = Release|Any CPU
		{BEB52F5B-C7CA-4D33-AF6F-2752B0E2F2B0}.Release|iPhoneSimulator.Deploy.0 = Release|Any CPU
		{BEB52F5B-C7CA-4D33-AF6F-2752B0E2F2B0}.Release|x86.ActiveCfg = Release|x86
		{BEB52F5B-C7CA-4D33-AF6F-2752B0E2F2B0}.Release|x86.Build.0 = Release|x86
		{BEB52F5B-C7CA-4D33-AF6F-2752B0E2F2B0}.Release|x86.Deploy.0 = Release|x86
	EndGlobalSection
	GlobalSection(SolutionProperties) = preSolution
		HideSolutionNode = FALSE
	EndGlobalSection
EndGlobal
